
Microsoft Visual Studio Solution File, Format Version 12.00
# Visual Studio 15
VisualStudioVersion = 15.0.35026.233
MinimumVisualStudioVersion = 10.0.40219.1
Project("{FAE04EC0-301F-11D3-BF4B-00C04F79EFBC}") = "res2cs", "res2cs\res2cs.csproj", "{4D354DC5-EF31-498D-88C8-C890EA2B6FF2}"
EndProject
Global
	GlobalSection(SolutionConfigurationPlatforms) = preSolution
		Debug|Any CPU = Debug|Any CPU
		Release|Any CPU = Release|Any CPU
	EndGlobalSection
	GlobalSection(ProjectConfigurationPlatforms) = postSolution
		{4D354DC5-EF31-498D-88C8-C890EA2B6FF2}.Debug|Any CPU.ActiveCfg = Debug|Any CPU
		{4D354DC5-EF31-498D-88C8-C890EA2B6FF2}.Debug|Any CPU.Build.0 = Debug|Any CPU
		{4D354DC5-EF31-498D-88C8-C890EA2B6FF2}.Release|Any CPU.ActiveCfg = Release|Any CPU
		{4D354DC5-EF31-498D-88C8-C890EA2B6FF2}.Release|Any CPU.Build.0 = Release|Any CPU
	EndGlobalSection
	GlobalSection(SolutionProperties) = preSolution
		HideSolutionNode = FALSE
	EndGlobalSection
	GlobalSection(ExtensibilityGlobals) = postSolution
		SolutionGuid = {0FBF8682-36AB-4808-9A97-6DB618D65329}
	EndGlobalSection
EndGlobal
